// !$*UTF8*$!
{
	archiveVersion = 1;
	classes = {
	};
	objectVersion = 46;
	objects = {

/* Begin PBXBuildFile section */
		91D594D01A6720AB0005A984 /* main.m in Sources */ = {isa = PBXBuildFile; fileRef = 91D594CF1A6720AB0005A984 /* main.m */; };
		91D594D31A6720AB0005A984 /* AppDelegate.m in Sources */ = {isa = PBXBuildFile; fileRef = 91D594D21A6720AB0005A984 /* AppDelegate.m */; };
		91D594D61A6720AB0005A984 /* ViewController.m in Sources */ = {isa = PBXBuildFile; fileRef = 91D594D51A6720AB0005A984 /* ViewController.m */; };
		91D594D91A6720AB0005A984 /* Main.storyboard in Resources */ = {isa = PBXBuildFile; fileRef = 91D594D71A6720AB0005A984 /* Main.storyboard */; };
		91D594DB1A6720AB0005A984 /* Images.xcassets in Resources */ = {isa = PBXBuildFile; fileRef = 91D594DA1A6720AB0005A984 /* Images.xcassets */; };
		91D594DE1A6720AB0005A984 /* LaunchScreen.xib in Resources */ = {isa = PBXBuildFile; fileRef = 91D594DC1A6720AB0005A984 /* LaunchScreen.xib */; };
		91D594EA1A6720AB0005A984 /* SwiftInObjectiveCTests.m in Sources */ = {isa = PBXBuildFile; fileRef = 91D594E91A6720AB0005A984 /* SwiftInObjectiveCTests.m */; };
/* End PBXBuildFile section */

/* Begin PBXContainerItemProxy section */
		91D594E41A6720AB0005A984 /* PBXContainerItemProxy */ = {
			isa = PBXContainerItemProxy;
			containerPortal = 91D594C21A6720AB0005A984 /* Project object */;
			proxyType = 1;
			remoteGlobalIDString = 91D594C91A6720AB0005A984;
			remoteInfo = SwiftInObjectiveC;
		};
/* End PBXContainerItemProxy section */

/* Begin PBXFileReference section */
		91D594CA1A6720AB0005A984 /* SwiftInObjectiveC.app */ = {isa = PBXFileReference; explicitFileType = wrapper.application; includeInIndex = 0; path = SwiftInObjectiveC.app; sourceTree = BUILT_PRODUCTS_DIR; };
		91D594CE1A6720AB0005A984 /* Info.plist */ = {isa = PBXFileReference; lastKnownFileType = text.plist.xml; path = Info.plist; sourceTree = "<group>"; };
		91D594CF1A6720AB0005A984 /* main.m */ = {isa = PBXFileReference; lastKnownFileType = sourcecode.c.objc; path = main.m; sourceTree = "<group>"; };
		91D594D11A6720AB0005A984 /* AppDelegate.h */ = {isa = PBXFileReference; lastKnownFileType = sourcecode.c.h; path = AppDelegate.h; sourceTree = "<group>"; };
		91D594D21A6720AB0005A984 /* AppDelegate.m */ = {isa = PBXFileReference; lastKnownFileType = sourcecode.c.objc; path = AppDelegate.m; sourceTree = "<group>"; };
		91D594D41A6720AB0005A984 /* ViewController.h */ = {isa = PBXFileReference; lastKnownFileType = sourcecode.c.h; path = ViewController.h; sourceTree = "<group>"; };
		91D594D51A6720AB0005A984 /* ViewController.m */ = {isa = PBXFileReference; lastKnownFileType = sourcecode.c.objc; path = ViewController.m; sourceTree = "<group>"; };
		91D594D81A6720AB0005A984 /* Base */ = {isa = PBXFileReference; lastKnownFileType = file.storyboard; name = Base; path = Base.lproj/Main.storyboard; sourceTree = "<group>"; };
		91D594DA1A6720AB0005A984 /* Images.xcassets */ = {isa = PBXFileReference; lastKnownFileType = folder.assetcatalog; path = Images.xcassets; sourceTree = "<group>"; };
		91D594DD1A6720AB0005A984 /* Base */ = {isa = PBXFileReference; lastKnownFileType = file.xib; name = Base; path = Base.lproj/LaunchScreen.xib; sourceTree = "<group>"; };
		91D594E31A6720AB0005A984 /* SwiftInObjectiveCTests.xctest */ = {isa = PBXFileReference; explicitFileType = wrapper.cfbundle; includeInIndex = 0; path = SwiftInObjectiveCTests.xctest; sourceTree = BUILT_PRODUCTS_DIR; };
		91D594E81A6720AB0005A984 /* Info.plist */ = {isa = PBXFileReference; lastKnownFileType = text.plist.xml; path = Info.plist; sourceTree = "<group>"; };
		91D594E91A6720AB0005A984 /* SwiftInObjectiveCTests.m */ = {isa = PBXFileReference; lastKnownFileType = sourcecode.c.objc; path = SwiftInObjectiveCTests.m; sourceTree = "<group>"; };
/* End PBXFileReference section */

/* Begin PBXFrameworksBuildPhase section */
		91D594C71A6720AB0005A984 /* Frameworks */ = {
			isa = PBXFrameworksBuildPhase;
			buildActionMask = 2147483647;
			files = (
			);
			runOnlyForDeploymentPostprocessing = 0;
		};
		91D594E01A6720AB0005A984 /* Frameworks */ = {
			isa = PBXFrameworksBuildPhase;
			buildActionMask = 2147483647;
			files = (
			);
			runOnlyForDeploymentPostprocessing = 0;
		};
/* End PBXFrameworksBuildPhase section */

/* Begin PBXGroup section */
		91D594C11A6720AB0005A984 = {
			isa = PBXGroup;
			children = (
				91D594CC1A6720AB0005A984 /* SwiftInObjectiveC */,
				91D594E61A6720AB0005A984 /* SwiftInObjectiveCTests */,
				91D594CB1A6720AB0005A984 /* Products */,
			);
			sourceTree = "<group>";
		};
		91D594CB1A6720AB0005A984 /* Products */ = {
			isa = PBXGroup;
			children = (
				91D594CA1A6720AB0005A984 /* SwiftInObjectiveC.app */,
				91D594E31A6720AB0005A984 /* SwiftInObjectiveCTests.xctest */,
			);
			name = Products;
			sourceTree = "<group>";
		};
		91D594CC1A6720AB0005A984 /* SwiftInObjectiveC */ = {
			isa = PBXGroup;
			children = (
				91D594D11A6720AB0005A984 /* AppDelegate.h */,
				91D594D21A6720AB0005A984 /* AppDelegate.m */,
				91D594D41A6720AB0005A984 /* ViewController.h */,
				91D594D51A6720AB0005A984 /* ViewController.m */,
				91D594D71A6720AB0005A984 /* Main.storyboard */,
				91D594DA1A6720AB0005A984 /* Images.xcassets */,
				91D594DC1A6720AB0005A984 /* LaunchScreen.xib */,
				91D594CD1A6720AB0005A984 /* Supporting Files */,
			);
			path = SwiftInObjectiveC;
			sourceTree = "<group>";
		};
		91D594CD1A6720AB0005A984 /* Supporting Files */ = {
			isa = PBXGroup;
			children = (
				91D594CE1A6720AB0005A984 /* Info.plist */,
				91D594CF1A6720AB0005A984 /* main.m */,
			);
			name = "Supporting Files";
			sourceTree = "<group>";
		};
		91D594E61A6720AB0005A984 /* SwiftInObjectiveCTests */ = {
			isa = PBXGroup;
			children = (
				91D594E91A6720AB0005A984 /* SwiftInObjectiveCTests.m */,
				91D594E71A6720AB0005A984 /* Supporting Files */,
			);
			path = SwiftInObjectiveCTests;
			sourceTree = "<group>";
		};
		91D594E71A6720AB0005A984 /* Supporting Files */ = {
			isa = PBXGroup;
			children = (
				91D594E81A6720AB0005A984 /* Info.plist */,
			);
			name = "Supporting Files";
			sourceTree = "<group>";
		};
/* End PBXGroup section */

/* Begin PBXNativeTarget section */
		91D594C91A6720AB0005A984 /* SwiftInObjectiveC */ = {
			isa = PBXNativeTarget;
			buildConfigurationList = 91D594ED1A6720AB0005A984 /* Build configuration list for PBXNativeTarget "SwiftInObjectiveC" */;
			buildPhases = (
				91D594C61A6720AB0005A984 /* Sources */,
				91D594C71A6720AB0005A984 /* Frameworks */,
				91D594C81A6720AB0005A984 /* Resources */,
			);
			buildRules = (
			);
			dependencies = (
			);
			name = SwiftInObjectiveC;
			productName = SwiftInObjectiveC;
			productReference = 91D594CA1A6720AB0005A984 /* SwiftInObjectiveC.app */;
			productType = "com.apple.product-type.application";
		};
		91D594E21A6720AB0005A984 /* SwiftInObjectiveCTests */ = {
			isa = PBXNativeTarget;
			buildConfigurationList = 91D594F01A6720AB0005A984 /* Build configuration list for PBXNativeTarget "SwiftInObjectiveCTests" */;
			buildPhases = (
				91D594DF1A6720AB0005A984 /* Sources */,
				91D594E01A6720AB0005A984 /* Frameworks */,
				91D594E11A6720AB0005A984 /* Resources */,
			);
			buildRules = (
			);
			dependencies = (
				91D594E51A6720AB0005A984 /* PBXTargetDependency */,
			);
			name = SwiftInObjectiveCTests;
			productName = SwiftInObjectiveCTests;
			productReference = 91D594E31A6720AB0005A984 /* SwiftInObjectiveCTests.xctest */;
			productType = "com.apple.product-type.bundle.unit-test";
		};
/* End PBXNativeTarget section */

/* Begin PBXProject section */
		91D594C21A6720AB0005A984 /* Project object */ = {
			isa = PBXProject;
			attributes = {
				LastUpgradeCheck = 0610;
				ORGANIZATIONNAME = xyz;
				TargetAttributes = {
					91D594C91A6720AB0005A984 = {
						CreatedOnToolsVersion = 6.1.1;
					};
					91D594E21A6720AB0005A984 = {
						CreatedOnToolsVersion = 6.1.1;
						TestTargetID = 91D594C91A6720AB0005A984;
					};
				};
			};
			buildConfigurationList = 91D594C51A6720AB0005A984 /* Build configuration list for PBXProject "SwiftInObjectiveC" */;
			compatibilityVersion = "Xcode 3.2";
			developmentRegion = English;
			hasScannedForEncodings = 0;
			knownRegions = (
				en,
				Base,
			);
			mainGroup = 91D594C11A6720AB0005A984;
			productRefGroup = 91D594CB1A6720AB0005A984 /* Products */;
			projectDirPath = "";
			projectRoot = "";
			targets = (
				91D594C91A6720AB0005A984 /* SwiftInObjectiveC */,
				91D594E21A6720AB0005A984 /* SwiftInObjectiveCTests */,
			);
		};
/* End PBXProject section */

/* Begin PBXResourcesBuildPhase section */
		91D594C81A6720AB0005A984 /* Resources */ = {
			isa = PBXResourcesBuildPhase;
			buildActionMask = 2147483647;
			files = (
				91D594D91A6720AB0005A984 /* Main.storyboard in Resources */,
				91D594DE1A6720AB0005A984 /* LaunchScreen.xib in Resources */,
				91D594DB1A6720AB0005A984 /* Images.xcassets in Resources */,
			);
			runOnlyForDeploymentPostprocessing = 0;
		};
		91D594E11A6720AB0005A984 /* Resources */ = {
			isa = PBXResourcesBuildPhase;
			buildActionMask = 2147483647;
			files = (
			);
			runOnlyForDeploymentPostprocessing = 0;
		};
/* End PBXResourcesBuildPhase section */

/* Begin PBXSourcesBuildPhase section */
		91D594C61A6720AB0005A984 /* Sources */ = {
			isa = PBXSourcesBuildPhase;
			buildActionMask = 2147483647;
			files = (
				91D594D61A6720AB0005A984 /* ViewController.m in Sources */,
				91D594D31A6720AB0005A984 /* AppDelegate.m in Sources */,
				91D594D01A6720AB0005A984 /* main.m in Sources */,
			);
			runOnlyForDeploymentPostprocessing = 0;
		};
		91D594DF1A6720AB0005A984 /* Sources */ = {
			isa = PBXSourcesBuildPhase;
			buildActionMask = 2147483647;
			files = (
				91D594EA1A6720AB0005A984 /* SwiftInObjectiveCTests.m in Sources */,
			);
			runOnlyForDeploymentPostprocessing = 0;
		};
/* End PBXSourcesBuildPhase section */

/* Begin PBXTargetDependency section */
		91D594E51A6720AB0005A984 /* PBXTargetDependency */ = {
			isa = PBXTargetDependency;
			target = 91D594C91A6720AB0005A984 /* SwiftInObjectiveC */;
			targetProxy = 91D594E41A6720AB0005A984 /* PBXContainerItemProxy */;
		};
/* End PBXTargetDependency section */

/* Begin PBXVariantGroup section */
		91D594D71A6720AB0005A984 /* Main.storyboard */ = {
			isa = PBXVariantGroup;
			children = (
				91D594D81A6720AB0005A984 /* Base */,
			);
			name = Main.storyboard;
			sourceTree = "<group>";
		};
		91D594DC1A6720AB0005A984 /* LaunchScreen.xib */ = {
			isa = PBXVariantGroup;
			children = (
				91D594DD1A6720AB0005A984 /* Base */,
			);
			name = LaunchScreen.xib;
			sourceTree = "<group>";
		};
/* End PBXVariantGroup section */

/* Begin XCBuildConfiguration section */
		91D594EB1A6720AB0005A984 /* Debug */ = {
			isa = XCBuildConfiguration;
			buildSettings = {
				ALWAYS_SEARCH_USER_PATHS = NO;
				CLANG_CXX_LANGUAGE_STANDARD = "gnu++0x";
				CLANG_CXX_LIBRARY = "libc++";
				CLANG_ENABLE_MODULES = YES;
				CLANG_ENABLE_OBJC_ARC = YES;
				CLANG_WARN_BOOL_CONVERSION = YES;
				CLANG_WARN_CONSTANT_CONVERSION = YES;
				CLANG_WARN_DIRECT_OBJC_ISA_USAGE = YES_ERROR;
				CLANG_WARN_EMPTY_BODY = YES;
				CLANG_WARN_ENUM_CONVERSION = YES;
				CLANG_WARN_INT_CONVERSION = YES;
				CLANG_WARN_OBJC_ROOT_CLASS = YES_ERROR;
				CLANG_WARN_UNREACHABLE_CODE = YES;
				CLANG_WARN__DUPLICATE_METHOD_MATCH = YES;
				"CODE_SIGN_IDENTITY[sdk=iphoneos*]" = "iPhone Developer";
				COPY_PHASE_STRIP = NO;
				ENABLE_STRICT_OBJC_MSGSEND = YES;
				GCC_C_LANGUAGE_STANDARD = gnu99;
				GCC_DYNAMIC_NO_PIC = NO;
				GCC_OPTIMIZATION_LEVEL = 0;
				GCC_PREPROCESSOR_DEFINITIONS = (
					"DEBUG=1",
					"$(inherited)",
				);
				GCC_SYMBOLS_PRIVATE_EXTERN = NO;
				GCC_WARN_64_TO_32_BIT_CONVERSION = YES;
				GCC_WARN_ABOUT_RETURN_TYPE = YES_ERROR;
				GCC_WARN_UNDECLARED_SELECTOR = YES;
				GCC_WARN_UNINITIALIZED_AUTOS = YES_AGGRESSIVE;
				GCC_WARN_UNUSED_FUNCTION = YES;
				GCC_WARN_UNUSED_VARIABLE = YES;
				IPHONEOS_DEPLOYMENT_TARGET = 8.1;
				MTL_ENABLE_DEBUG_INFO = YES;
				ONLY_ACTIVE_ARCH = YES;
				SDKROOT = iphoneos;
				TARGETED_DEVICE_FAMILY = "1,2";
			};
			name = Debug;
		};
		91D594EC1A6720AB0005A984 /* Release */ = {
			isa = XCBuildConfiguration;
			buildSettings = {
				ALWAYS_SEARCH_USER_PATHS = NO;
				CLANG_CXX_LANGUAGE_STANDARD = "gnu++0x";
				CLANG_CXX_LIBRARY = "libc++";
				CLANG_ENABLE_MODULES = YES;
				CLANG_ENABLE_OBJC_ARC = YES;
				CLANG_WARN_BOOL_CONVERSION = YES;
				CLANG_WARN_CONSTANT_CONVERSION = YES;
				CLANG_WARN_DIRECT_OBJC_ISA_USAGE = YES_ERROR;
				CLANG_WARN_EMPTY_BODY = YES;
				CLANG_WARN_ENUM_CONVERSION = YES;
				CLANG_WARN_INT_CONVERSION = YES;
				CLANG_WARN_OBJC_ROOT_CLASS = YES_ERROR;
				CLANG_WARN_UNREACHABLE_CODE = YES;
				CLANG_WARN__DUPLICATE_METHOD_MATCH = YES;
				"CODE_SIGN_IDENTITY[sdk=iphoneos*]" = "iPhone Developer";
				COPY_PHASE_STRIP = YES;
				ENABLE_NS_ASSERTIONS = NO;
				ENABLE_STRICT_OBJC_MSGSEND = YES;
				GCC_C_LANGUAGE_STANDARD = gnu99;
				GCC_WARN_64_TO_32_BIT_CONVERSION = YES;
				GCC_WARN_ABOUT_RETURN_TYPE = YES_ERROR;
				GCC_WARN_UNDECLARED_SELECTOR = YES;
				GCC_WARN_UNINITIALIZED_AUTOS = YES_AGGRESSIVE;
				GCC_WARN_UNUSED_FUNCTION = YES;
				GCC_WARN_UNUSED_VARIABLE = YES;
				IPHONEOS_DEPLOYMENT_TARGET = 8.1;
				MTL_ENABLE_DEBUG_INFO = NO;
				SDKROOT = iphoneos;
				TARGETED_DEVICE_FAMILY = "1,2";
				VALIDATE_PRODUCT = YES;
			};
			name = Release;
		};
		91D594EE1A6720AB0005A984 /* Debug */ = {
			isa = XCBuildConfiguration;
			buildSettings = {
				ASSETCATALOG_COMPILER_APPICON_NAME = AppIcon;
				INFOPLIST_FILE = SwiftInObjectiveC/Info.plist;
				LD_RUNPATH_SEARCH_PATHS = "$(inherited) @executable_path/Frameworks";
				PRODUCT_NAME = "$(TARGET_NAME)";
			};
			name = Debug;
		};
		91D594EF1A6720AB0005A984 /* Release */ = {
			isa = XCBuildConfiguration;
			buildSettings = {
				ASSETCATALOG_COMPILER_APPICON_NAME = AppIcon;
				INFOPLIST_FILE = SwiftInObjectiveC/Info.plist;
				LD_RUNPATH_SEARCH_PATHS = "$(inherited) @executable_path/Frameworks";
				PRODUCT_NAME = "$(TARGET_NAME)";
			};
			name = Release;
		};
		91D594F11A6720AB0005A984 /* Debug */ = {
			isa = XCBuildConfiguration;
			buildSettings = {
				BUNDLE_LOADER = "$(TEST_HOST)";
				FRAMEWORK_SEARCH_PATHS = (
					"$(SDKROOT)/Developer/Library/Frameworks",
					"$(inherited)",
				);
				GCC_PREPROCESSOR_DEFINITIONS = (
					"DEBUG=1",
					"$(inherited)",
				);
				INFOPLIST_FILE = SwiftInObjectiveCTests/Info.plist;
				LD_RUNPATH_SEARCH_PATHS = "$(inherited) @executable_path/Frameworks @loader_path/Frameworks";
				PRODUCT_NAME = "$(TARGET_NAME)";
				TEST_HOST = "$(BUILT_PRODUCTS_DIR)/SwiftInObjectiveC.app/SwiftInObjectiveC";
			};
			name = Debug;
		};
		91D594F21A6720AB0005A984 /* Release */ = {
			isa = XCBuildConfiguration;
			buildSettings = {
				BUNDLE_LOADER = "$(TEST_HOST)";
				FRAMEWORK_SEARCH_PATHS = (
					"$(SDKROOT)/Developer/Library/Frameworks",
					"$(inherited)",
				);
				INFOPLIST_FILE = SwiftInObjectiveCTests/Info.plist;
				LD_RUNPATH_SEARCH_PATHS = "$(inherited) @executable_path/Frameworks @loader_path/Frameworks";
				PRODUCT_NAME = "$(TARGET_NAME)";
				TEST_HOST = "$(BUILT_PRODUCTS_DIR)/SwiftInObjectiveC.app/SwiftInObjectiveC";
			};
			name = Release;
		};
/* End XCBuildConfiguration section */

/* Begin XCConfigurationList section */
		91D594C51A6720AB0005A984 /* Build configuration list for PBXProject "SwiftInObjectiveC" */ = {
			isa = XCConfigurationList;
			buildConfigurations = (
				91D594EB1A6720AB0005A984 /* Debug */,
				91D594EC1A6720AB0005A984 /* Release */,
			);
			defaultConfigurationIsVisible = 0;
			defaultConfigurationName = Release;
		};
		91D594ED1A6720AB0005A984 /* Build configuration list for PBXNativeTarget "SwiftInObjectiveC" */ = {
			isa = XCConfigurationList;
			buildConfigurations = (
				91D594EE1A6720AB0005A984 /* Debug */,
				91D594EF1A6720AB0005A984 /* Release */,
			);
			defaultConfigurationIsVisible = 0;
		};
		91D594F01A6720AB0005A984 /* Build configuration list for PBXNativeTarget "SwiftInObjectiveCTests" */ = {
			isa = XCConfigurationList;
			buildConfigurations = (
				91D594F11A6720AB0005A984 /* Debug */,
				91D594F21A6720AB0005A984 /* Release */,
			);
			defaultConfigurationIsVisible = 0;
		};
/* End XCConfigurationList section */
	};
	rootObject = 91D594C21A6720AB0005A984 /* Project object */;
}
